// !$*UTF8*$!
{
	archiveVersion = 1;
	classes = {
	};
	objectVersion = 46;
	objects = {

/* Begin PBXBuildFile section */
		1F6231661A37E65C009E4BB3 /* libz.dylib in Frameworks */ = {isa = PBXBuildFile; fileRef = 1F6231651A37E65C009E4BB3 /* libz.dylib */; };
		1F6231681A37E664009E4BB3 /* Security.framework in Frameworks */ = {isa = PBXBuildFile; fileRef = 1F6231671A37E664009E4BB3 /* Security.framework */; };
		1F62316B1A37E67E009E4BB3 /* libicucore.dylib in Frameworks */ = {isa = PBXBuildFile; fileRef = 1F6231691A37E66C009E4BB3 /* libicucore.dylib */; };
		4AA8A1CE1AA39F23001602BC /* AddUnitController.m in Sources */ = {isa = PBXBuildFile; fileRef = 4AA8A1851AA39F23001602BC /* AddUnitController.m */; };
		4AA8A1CF1AA39F23001602BC /* AddUnitView.m in Sources */ = {isa = PBXBuildFile; fileRef = 4AA8A1871AA39F23001602BC /* AddUnitView.m */; };
		4AA8A1D01AA39F23001602BC /* AddUserController.m in Sources */ = {isa = PBXBuildFile; fileRef = 4AA8A1891AA39F23001602BC /* AddUserController.m */; };
		4AA8A1D11AA39F23001602BC /* AddUserView.m in Sources */ = {isa = PBXBuildFile; fileRef = 4AA8A18B1AA39F23001602BC /* AddUserView.m */; };
		4AA8A1D21AA39F23001602BC /* ApiException.m in Sources */ = {isa = PBXBuildFile; fileRef = 4AA8A18D1AA39F23001602BC /* ApiException.m */; };
		4AA8A1D31AA39F23001602BC /* ApplicationPermission.m in Sources */ = {isa = PBXBuildFile; fileRef = 4AA8A18F1AA39F23001602BC /* ApplicationPermission.m */; };
		4AA8A1D41AA39F23001602BC /* AsyncCallback.m in Sources */ = {isa = PBXBuildFile; fileRef = 4AA8A1911AA39F23001602BC /* AsyncCallback.m */; };
		4AA8A1D51AA39F23001602BC /* Bootstrapper.m in Sources */ = {isa = PBXBuildFile; fileRef = 4AA8A1931AA39F23001602BC /* Bootstrapper.m */; };
		4AA8A1D61AA39F23001602BC /* BootstrapperController.m in Sources */ = {isa = PBXBuildFile; fileRef = 4AA8A1951AA39F23001602BC /* BootstrapperController.m */; };
		4AA8A1D71AA39F23001602BC /* BootstrapperView.m in Sources */ = {isa = PBXBuildFile; fileRef = 4AA8A1971AA39F23001602BC /* BootstrapperView.m */; };
		4AA8A1D81AA39F23001602BC /* Dispatcher.m in Sources */ = {isa = PBXBuildFile; fileRef = 4AA8A1991AA39F23001602BC /* Dispatcher.m */; };
		4AA8A1D91AA39F23001602BC /* Factory.m in Sources */ = {isa = PBXBuildFile; fileRef = 4AA8A19B1AA39F23001602BC /* Factory.m */; };
		4AA8A1DA1AA39F23001602BC /* HttpRequest.m in Sources */ = {isa = PBXBuildFile; fileRef = 4AA8A19D1AA39F23001602BC /* HttpRequest.m */; };
		4AA8A1DB1AA39F23001602BC /* HttpResponse.m in Sources */ = {isa = PBXBuildFile; fileRef = 4AA8A19F1AA39F23001602BC /* HttpResponse.m */; };
		4AA8A1DC1AA39F23001602BC /* JSONArray.m in Sources */ = {isa = PBXBuildFile; fileRef = 4AA8A1A11AA39F23001602BC /* JSONArray.m */; };
		4AA8A1DD1AA39F23001602BC /* JSONException.m in Sources */ = {isa = PBXBuildFile; fileRef = 4AA8A1A31AA39F23001602BC /* JSONException.m */; };
		4AA8A1DE1AA39F23001602BC /* JSONObject.m in Sources */ = {isa = PBXBuildFile; fileRef = 4AA8A1A51AA39F23001602BC /* JSONObject.m */; };
		4AA8A1DF1AA39F23001602BC /* JSONString.m in Sources */ = {isa = PBXBuildFile; fileRef = 4AA8A1A71AA39F23001602BC /* JSONString.m */; };
		4AA8A1E01AA39F23001602BC /* JSONStringer.m in Sources */ = {isa = PBXBuildFile; fileRef = 4AA8A1A91AA39F23001602BC /* JSONStringer.m */; };
		4AA8A1E11AA39F23001602BC /* JSONTokener.m in Sources */ = {isa = PBXBuildFile; fileRef = 4AA8A1AB1AA39F23001602BC /* JSONTokener.m */; };
		4AA8A1E21AA39F23001602BC /* JsonTransmissionWrapper.m in Sources */ = {isa = PBXBuildFile; fileRef = 4AA8A1AD1AA39F23001602BC /* JsonTransmissionWrapper.m */; };
		4AA8A1E31AA39F23001602BC /* JSONWriter.m in Sources */ = {isa = PBXBuildFile; fileRef = 4AA8A1AF1AA39F23001602BC /* JSONWriter.m */; };
		4AA8A1E41AA39F23001602BC /* LoginController.m in Sources */ = {isa = PBXBuildFile; fileRef = 4AA8A1B11AA39F23001602BC /* LoginController.m */; };
		4AA8A1E51AA39F23001602BC /* LoginView.m in Sources */ = {isa = PBXBuildFile; fileRef = 4AA8A1B31AA39F23001602BC /* LoginView.m */; };
		4AA8A1E61AA39F23001602BC /* RtdcObject.m in Sources */ = {isa = PBXBuildFile; fileRef = 4AA8A1B51AA39F23001602BC /* RtdcObject.m */; };
		4AA8A1E71AA39F23001602BC /* Service.m in Sources */ = {isa = PBXBuildFile; fileRef = 4AA8A1B71AA39F23001602BC /* Service.m */; };
		4AA8A1E81AA39F23001602BC /* SessionExpiredException.m in Sources */ = {isa = PBXBuildFile; fileRef = 4AA8A1B91AA39F23001602BC /* SessionExpiredException.m */; };
		4AA8A1E91AA39F23001602BC /* StringWriter.m in Sources */ = {isa = PBXBuildFile; fileRef = 4AA8A1BB1AA39F23001602BC /* StringWriter.m */; };
		4AA8A1EA1AA39F23001602BC /* Unit.m in Sources */ = {isa = PBXBuildFile; fileRef = 4AA8A1BD1AA39F23001602BC /* Unit.m */; };
		4AA8A1EB1AA39F23001602BC /* UnitListController.m in Sources */ = {isa = PBXBuildFile; fileRef = 4AA8A1BF1AA39F23001602BC /* UnitListController.m */; };
		4AA8A1EC1AA39F23001602BC /* UnitListView.m in Sources */ = {isa = PBXBuildFile; fileRef = 4AA8A1C11AA39F23001602BC /* UnitListView.m */; };
		4AA8A1ED1AA39F23001602BC /* User.m in Sources */ = {isa = PBXBuildFile; fileRef = 4AA8A1C31AA39F23001602BC /* User.m */; };
		4AA8A1EE1AA39F23001602BC /* UserListController.m in Sources */ = {isa = PBXBuildFile; fileRef = 4AA8A1C51AA39F23001602BC /* UserListController.m */; };
		4AA8A1EF1AA39F23001602BC /* UserListView.m in Sources */ = {isa = PBXBuildFile; fileRef = 4AA8A1C71AA39F23001602BC /* UserListView.m */; };
		4AA8A1F01AA39F23001602BC /* UsernamePasswordMismatchException.m in Sources */ = {isa = PBXBuildFile; fileRef = 4AA8A1C91AA39F23001602BC /* UsernamePasswordMismatchException.m */; };
		4AA8A1F11AA39F23001602BC /* Util.m in Sources */ = {isa = PBXBuildFile; fileRef = 4AA8A1CB1AA39F23001602BC /* Util.m */; };
		4AA8A1F21AA39F23001602BC /* View.m in Sources */ = {isa = PBXBuildFile; fileRef = 4AA8A1CD1AA39F23001602BC /* View.m */; };
		4AB16EE01A3FCA3B0003270E /* AppDelegate.swift in Sources */ = {isa = PBXBuildFile; fileRef = 4AB16ED71A3FCA3B0003270E /* AppDelegate.swift */; };
		4AB16EE21A3FCA3B0003270E /* Main.storyboard in Resources */ = {isa = PBXBuildFile; fileRef = 4AB16EDB1A3FCA3B0003270E /* Main.storyboard */; };
		4AB16EE31A3FCA3B0003270E /* Images.xcassets in Resources */ = {isa = PBXBuildFile; fileRef = 4AB16EDD1A3FCA3B0003270E /* Images.xcassets */; };
		4AB16EE41A3FCA3B0003270E /* Info.plist in Resources */ = {isa = PBXBuildFile; fileRef = 4AB16EDE1A3FCA3B0003270E /* Info.plist */; };
		4AB16EE51A3FCA3B0003270E /* ViewController.swift in Sources */ = {isa = PBXBuildFile; fileRef = 4AB16EDF1A3FCA3B0003270E /* ViewController.swift */; };
		4AB16EE81A3FCA5C0003270E /* RTDCTests.swift in Sources */ = {isa = PBXBuildFile; fileRef = 4AB16EE71A3FCA5C0003270E /* RTDCTests.swift */; };
		4AB16EEA1A3FCA940003270E /* Info.plist in Resources */ = {isa = PBXBuildFile; fileRef = 4AB16EE91A3FCA940003270E /* Info.plist */; };
		4AB16EEE1A3FCC520003270E /* LaunchScreen.xib in Resources */ = {isa = PBXBuildFile; fileRef = 4AB16EED1A3FCC520003270E /* LaunchScreen.xib */; };
/* End PBXBuildFile section */

/* Begin PBXContainerItemProxy section */
		1F6231551A34D253009E4BB3 /* PBXContainerItemProxy */ = {
			isa = PBXContainerItemProxy;
			containerPortal = 1F6231301A34D252009E4BB3 /* Project object */;
			proxyType = 1;
			remoteGlobalIDString = 1F6231371A34D252009E4BB3;
			remoteInfo = RTDC;
		};
/* End PBXContainerItemProxy section */

/* Begin PBXFileReference section */
		1F6231381A34D253009E4BB3 /* RTDC.app */ = {isa = PBXFileReference; explicitFileType = wrapper.application; includeInIndex = 0; path = RTDC.app; sourceTree = BUILT_PRODUCTS_DIR; };
		1F6231541A34D253009E4BB3 /* RTDCTests.xctest */ = {isa = PBXFileReference; explicitFileType = wrapper.cfbundle; includeInIndex = 0; path = RTDCTests.xctest; sourceTree = BUILT_PRODUCTS_DIR; };
		1F6231651A37E65C009E4BB3 /* libz.dylib */ = {isa = PBXFileReference; lastKnownFileType = "compiled.mach-o.dylib"; name = libz.dylib; path = usr/lib/libz.dylib; sourceTree = SDKROOT; };
		1F6231671A37E664009E4BB3 /* Security.framework */ = {isa = PBXFileReference; lastKnownFileType = wrapper.framework; name = Security.framework; path = System/Library/Frameworks/Security.framework; sourceTree = SDKROOT; };
		1F6231691A37E66C009E4BB3 /* libicucore.dylib */ = {isa = PBXFileReference; lastKnownFileType = "compiled.mach-o.dylib"; name = libicucore.dylib; path = usr/lib/libicucore.dylib; sourceTree = SDKROOT; };
		1F62316C1A3883A1009E4BB3 /* Settings.xcconfig */ = {isa = PBXFileReference; lastKnownFileType = text.xcconfig; name = Settings.xcconfig; path = Config/Settings.xcconfig; sourceTree = "<group>"; };
		4AA8A1841AA39F23001602BC /* AddUnitController.h */ = {isa = PBXFileReference; fileEncoding = 4; lastKnownFileType = sourcecode.c.h; name = AddUnitController.h; path = Core/AddUnitController.h; sourceTree = "<group>"; };
		4AA8A1851AA39F23001602BC /* AddUnitController.m */ = {isa = PBXFileReference; fileEncoding = 4; lastKnownFileType = sourcecode.c.objc; name = AddUnitController.m; path = Core/AddUnitController.m; sourceTree = "<group>"; };
		4AA8A1861AA39F23001602BC /* AddUnitView.h */ = {isa = PBXFileReference; fileEncoding = 4; lastKnownFileType = sourcecode.c.h; name = AddUnitView.h; path = Core/AddUnitView.h; sourceTree = "<group>"; };
		4AA8A1871AA39F23001602BC /* AddUnitView.m */ = {isa = PBXFileReference; fileEncoding = 4; lastKnownFileType = sourcecode.c.objc; name = AddUnitView.m; path = Core/AddUnitView.m; sourceTree = "<group>"; };
		4AA8A1881AA39F23001602BC /* AddUserController.h */ = {isa = PBXFileReference; fileEncoding = 4; lastKnownFileType = sourcecode.c.h; name = AddUserController.h; path = Core/AddUserController.h; sourceTree = "<group>"; };
		4AA8A1891AA39F23001602BC /* AddUserController.m */ = {isa = PBXFileReference; fileEncoding = 4; lastKnownFileType = sourcecode.c.objc; name = AddUserController.m; path = Core/AddUserController.m; sourceTree = "<group>"; };
		4AA8A18A1AA39F23001602BC /* AddUserView.h */ = {isa = PBXFileReference; fileEncoding = 4; lastKnownFileType = sourcecode.c.h; name = AddUserView.h; path = Core/AddUserView.h; sourceTree = "<group>"; };
		4AA8A18B1AA39F23001602BC /* AddUserView.m */ = {isa = PBXFileReference; fileEncoding = 4; lastKnownFileType = sourcecode.c.objc; name = AddUserView.m; path = Core/AddUserView.m; sourceTree = "<group>"; };
		4AA8A18C1AA39F23001602BC /* ApiException.h */ = {isa = PBXFileReference; fileEncoding = 4; lastKnownFileType = sourcecode.c.h; name = ApiException.h; path = Core/ApiException.h; sourceTree = "<group>"; };
		4AA8A18D1AA39F23001602BC /* ApiException.m */ = {isa = PBXFileReference; fileEncoding = 4; lastKnownFileType = sourcecode.c.objc; name = ApiException.m; path = Core/ApiException.m; sourceTree = "<group>"; };
		4AA8A18E1AA39F23001602BC /* ApplicationPermission.h */ = {isa = PBXFileReference; fileEncoding = 4; lastKnownFileType = sourcecode.c.h; name = ApplicationPermission.h; path = Core/ApplicationPermission.h; sourceTree = "<group>"; };
		4AA8A18F1AA39F23001602BC /* ApplicationPermission.m */ = {isa = PBXFileReference; fileEncoding = 4; lastKnownFileType = sourcecode.c.objc; name = ApplicationPermission.m; path = Core/ApplicationPermission.m; sourceTree = "<group>"; };
		4AA8A1901AA39F23001602BC /* AsyncCallback.h */ = {isa = PBXFileReference; fileEncoding = 4; lastKnownFileType = sourcecode.c.h; name = AsyncCallback.h; path = Core/AsyncCallback.h; sourceTree = "<group>"; };
		4AA8A1911AA39F23001602BC /* AsyncCallback.m */ = {isa = PBXFileReference; fileEncoding = 4; lastKnownFileType = sourcecode.c.objc; name = AsyncCallback.m; path = Core/AsyncCallback.m; sourceTree = "<group>"; };
		4AA8A1921AA39F23001602BC /* Bootstrapper.h */ = {isa = PBXFileReference; fileEncoding = 4; lastKnownFileType = sourcecode.c.h; name = Bootstrapper.h; path = Core/Bootstrapper.h; sourceTree = "<group>"; };
		4AA8A1931AA39F23001602BC /* Bootstrapper.m */ = {isa = PBXFileReference; fileEncoding = 4; lastKnownFileType = sourcecode.c.objc; name = Bootstrapper.m; path = Core/Bootstrapper.m; sourceTree = "<group>"; };
		4AA8A1941AA39F23001602BC /* BootstrapperController.h */ = {isa = PBXFileReference; fileEncoding = 4; lastKnownFileType = sourcecode.c.h; name = BootstrapperController.h; path = Core/BootstrapperController.h; sourceTree = "<group>"; };
		4AA8A1951AA39F23001602BC /* BootstrapperController.m */ = {isa = PBXFileReference; fileEncoding = 4; lastKnownFileType = sourcecode.c.objc; name = BootstrapperController.m; path = Core/BootstrapperController.m; sourceTree = "<group>"; };
		4AA8A1961AA39F23001602BC /* BootstrapperView.h */ = {isa = PBXFileReference; fileEncoding = 4; lastKnownFileType = sourcecode.c.h; name = BootstrapperView.h; path = Core/BootstrapperView.h; sourceTree = "<group>"; };
		4AA8A1971AA39F23001602BC /* BootstrapperView.m */ = {isa = PBXFileReference; fileEncoding = 4; lastKnownFileType = sourcecode.c.objc; name = BootstrapperView.m; path = Core/BootstrapperView.m; sourceTree = "<group>"; };
		4AA8A1981AA39F23001602BC /* Dispatcher.h */ = {isa = PBXFileReference; fileEncoding = 4; lastKnownFileType = sourcecode.c.h; name = Dispatcher.h; path = Core/Dispatcher.h; sourceTree = "<group>"; };
		4AA8A1991AA39F23001602BC /* Dispatcher.m */ = {isa = PBXFileReference; fileEncoding = 4; lastKnownFileType = sourcecode.c.objc; name = Dispatcher.m; path = Core/Dispatcher.m; sourceTree = "<group>"; };
		4AA8A19A1AA39F23001602BC /* Factory.h */ = {isa = PBXFileReference; fileEncoding = 4; lastKnownFileType = sourcecode.c.h; name = Factory.h; path = Core/Factory.h; sourceTree = "<group>"; };
		4AA8A19B1AA39F23001602BC /* Factory.m */ = {isa = PBXFileReference; fileEncoding = 4; lastKnownFileType = sourcecode.c.objc; name = Factory.m; path = Core/Factory.m; sourceTree = "<group>"; };
		4AA8A19C1AA39F23001602BC /* HttpRequest.h */ = {isa = PBXFileReference; fileEncoding = 4; lastKnownFileType = sourcecode.c.h; name = HttpRequest.h; path = Core/HttpRequest.h; sourceTree = "<group>"; };
		4AA8A19D1AA39F23001602BC /* HttpRequest.m */ = {isa = PBXFileReference; fileEncoding = 4; lastKnownFileType = sourcecode.c.objc; name = HttpRequest.m; path = Core/HttpRequest.m; sourceTree = "<group>"; };
		4AA8A19E1AA39F23001602BC /* HttpResponse.h */ = {isa = PBXFileReference; fileEncoding = 4; lastKnownFileType = sourcecode.c.h; name = HttpResponse.h; path = Core/HttpResponse.h; sourceTree = "<group>"; };
		4AA8A19F1AA39F23001602BC /* HttpResponse.m */ = {isa = PBXFileReference; fileEncoding = 4; lastKnownFileType = sourcecode.c.objc; name = HttpResponse.m; path = Core/HttpResponse.m; sourceTree = "<group>"; };
		4AA8A1A01AA39F23001602BC /* JSONArray.h */ = {isa = PBXFileReference; fileEncoding = 4; lastKnownFileType = sourcecode.c.h; name = JSONArray.h; path = Core/JSONArray.h; sourceTree = "<group>"; };
		4AA8A1A11AA39F23001602BC /* JSONArray.m */ = {isa = PBXFileReference; fileEncoding = 4; lastKnownFileType = sourcecode.c.objc; name = JSONArray.m; path = Core/JSONArray.m; sourceTree = "<group>"; };
		4AA8A1A21AA39F23001602BC /* JSONException.h */ = {isa = PBXFileReference; fileEncoding = 4; lastKnownFileType = sourcecode.c.h; name = JSONException.h; path = Core/JSONException.h; sourceTree = "<group>"; };
		4AA8A1A31AA39F23001602BC /* JSONException.m */ = {isa = PBXFileReference; fileEncoding = 4; lastKnownFileType = sourcecode.c.objc; name = JSONException.m; path = Core/JSONException.m; sourceTree = "<group>"; };
		4AA8A1A41AA39F23001602BC /* JSONObject.h */ = {isa = PBXFileReference; fileEncoding = 4; lastKnownFileType = sourcecode.c.h; name = JSONObject.h; path = Core/JSONObject.h; sourceTree = "<group>"; };
		4AA8A1A51AA39F23001602BC /* JSONObject.m */ = {isa = PBXFileReference; fileEncoding = 4; lastKnownFileType = sourcecode.c.objc; name = JSONObject.m; path = Core/JSONObject.m; sourceTree = "<group>"; };
		4AA8A1A61AA39F23001602BC /* JSONString.h */ = {isa = PBXFileReference; fileEncoding = 4; lastKnownFileType = sourcecode.c.h; name = JSONString.h; path = Core/JSONString.h; sourceTree = "<group>"; };
		4AA8A1A71AA39F23001602BC /* JSONString.m */ = {isa = PBXFileReference; fileEncoding = 4; lastKnownFileType = sourcecode.c.objc; name = JSONString.m; path = Core/JSONString.m; sourceTree = "<group>"; };
		4AA8A1A81AA39F23001602BC /* JSONStringer.h */ = {isa = PBXFileReference; fileEncoding = 4; lastKnownFileType = sourcecode.c.h; name = JSONStringer.h; path = Core/JSONStringer.h; sourceTree = "<group>"; };
		4AA8A1A91AA39F23001602BC /* JSONStringer.m */ = {isa = PBXFileReference; fileEncoding = 4; lastKnownFileType = sourcecode.c.objc; name = JSONStringer.m; path = Core/JSONStringer.m; sourceTree = "<group>"; };
		4AA8A1AA1AA39F23001602BC /* JSONTokener.h */ = {isa = PBXFileReference; fileEncoding = 4; lastKnownFileType = sourcecode.c.h; name = JSONTokener.h; path = Core/JSONTokener.h; sourceTree = "<group>"; };
		4AA8A1AB1AA39F23001602BC /* JSONTokener.m */ = {isa = PBXFileReference; fileEncoding = 4; lastKnownFileType = sourcecode.c.objc; name = JSONTokener.m; path = Core/JSONTokener.m; sourceTree = "<group>"; };
		4AA8A1AC1AA39F23001602BC /* JsonTransmissionWrapper.h */ = {isa = PBXFileReference; fileEncoding = 4; lastKnownFileType = sourcecode.c.h; name = JsonTransmissionWrapper.h; path = Core/JsonTransmissionWrapper.h; sourceTree = "<group>"; };
		4AA8A1AD1AA39F23001602BC /* JsonTransmissionWrapper.m */ = {isa = PBXFileReference; fileEncoding = 4; lastKnownFileType = sourcecode.c.objc; name = JsonTransmissionWrapper.m; path = Core/JsonTransmissionWrapper.m; sourceTree = "<group>"; };
		4AA8A1AE1AA39F23001602BC /* JSONWriter.h */ = {isa = PBXFileReference; fileEncoding = 4; lastKnownFileType = sourcecode.c.h; name = JSONWriter.h; path = Core/JSONWriter.h; sourceTree = "<group>"; };
		4AA8A1AF1AA39F23001602BC /* JSONWriter.m */ = {isa = PBXFileReference; fileEncoding = 4; lastKnownFileType = sourcecode.c.objc; name = JSONWriter.m; path = Core/JSONWriter.m; sourceTree = "<group>"; };
		4AA8A1B01AA39F23001602BC /* LoginController.h */ = {isa = PBXFileReference; fileEncoding = 4; lastKnownFileType = sourcecode.c.h; name = LoginController.h; path = Core/LoginController.h; sourceTree = "<group>"; };
		4AA8A1B11AA39F23001602BC /* LoginController.m */ = {isa = PBXFileReference; fileEncoding = 4; lastKnownFileType = sourcecode.c.objc; name = LoginController.m; path = Core/LoginController.m; sourceTree = "<group>"; };
		4AA8A1B21AA39F23001602BC /* LoginView.h */ = {isa = PBXFileReference; fileEncoding = 4; lastKnownFileType = sourcecode.c.h; name = LoginView.h; path = Core/LoginView.h; sourceTree = "<group>"; };
		4AA8A1B31AA39F23001602BC /* LoginView.m */ = {isa = PBXFileReference; fileEncoding = 4; lastKnownFileType = sourcecode.c.objc; name = LoginView.m; path = Core/LoginView.m; sourceTree = "<group>"; };
		4AA8A1B41AA39F23001602BC /* RtdcObject.h */ = {isa = PBXFileReference; fileEncoding = 4; lastKnownFileType = sourcecode.c.h; name = RtdcObject.h; path = Core/RtdcObject.h; sourceTree = "<group>"; };
		4AA8A1B51AA39F23001602BC /* RtdcObject.m */ = {isa = PBXFileReference; fileEncoding = 4; lastKnownFileType = sourcecode.c.objc; name = RtdcObject.m; path = Core/RtdcObject.m; sourceTree = "<group>"; };
		4AA8A1B61AA39F23001602BC /* Service.h */ = {isa = PBXFileReference; fileEncoding = 4; lastKnownFileType = sourcecode.c.h; name = Service.h; path = Core/Service.h; sourceTree = "<group>"; };
		4AA8A1B71AA39F23001602BC /* Service.m */ = {isa = PBXFileReference; fileEncoding = 4; lastKnownFileType = sourcecode.c.objc; name = Service.m; path = Core/Service.m; sourceTree = "<group>"; };
		4AA8A1B81AA39F23001602BC /* SessionExpiredException.h */ = {isa = PBXFileReference; fileEncoding = 4; lastKnownFileType = sourcecode.c.h; name = SessionExpiredException.h; path = Core/SessionExpiredException.h; sourceTree = "<group>"; };
		4AA8A1B91AA39F23001602BC /* SessionExpiredException.m */ = {isa = PBXFileReference; fileEncoding = 4; lastKnownFileType = sourcecode.c.objc; name = SessionExpiredException.m; path = Core/SessionExpiredException.m; sourceTree = "<group>"; };
		4AA8A1BA1AA39F23001602BC /* StringWriter.h */ = {isa = PBXFileReference; fileEncoding = 4; lastKnownFileType = sourcecode.c.h; name = StringWriter.h; path = Core/StringWriter.h; sourceTree = "<group>"; };
		4AA8A1BB1AA39F23001602BC /* StringWriter.m */ = {isa = PBXFileReference; fileEncoding = 4; lastKnownFileType = sourcecode.c.objc; name = StringWriter.m; path = Core/StringWriter.m; sourceTree = "<group>"; };
		4AA8A1BC1AA39F23001602BC /* Unit.h */ = {isa = PBXFileReference; fileEncoding = 4; lastKnownFileType = sourcecode.c.h; name = Unit.h; path = Core/Unit.h; sourceTree = "<group>"; };
		4AA8A1BD1AA39F23001602BC /* Unit.m */ = {isa = PBXFileReference; fileEncoding = 4; lastKnownFileType = sourcecode.c.objc; name = Unit.m; path = Core/Unit.m; sourceTree = "<group>"; };
		4AA8A1BE1AA39F23001602BC /* UnitListController.h */ = {isa = PBXFileReference; fileEncoding = 4; lastKnownFileType = sourcecode.c.h; name = UnitListController.h; path = Core/UnitListController.h; sourceTree = "<group>"; };
		4AA8A1BF1AA39F23001602BC /* UnitListController.m */ = {isa = PBXFileReference; fileEncoding = 4; lastKnownFileType = sourcecode.c.objc; name = UnitListController.m; path = Core/UnitListController.m; sourceTree = "<group>"; };
		4AA8A1C01AA39F23001602BC /* UnitListView.h */ = {isa = PBXFileReference; fileEncoding = 4; lastKnownFileType = sourcecode.c.h; name = UnitListView.h; path = Core/UnitListView.h; sourceTree = "<group>"; };
		4AA8A1C11AA39F23001602BC /* UnitListView.m */ = {isa = PBXFileReference; fileEncoding = 4; lastKnownFileType = sourcecode.c.objc; name = UnitListView.m; path = Core/UnitListView.m; sourceTree = "<group>"; };
		4AA8A1C21AA39F23001602BC /* User.h */ = {isa = PBXFileReference; fileEncoding = 4; lastKnownFileType = sourcecode.c.h; name = User.h; path = Core/User.h; sourceTree = "<group>"; };
		4AA8A1C31AA39F23001602BC /* User.m */ = {isa = PBXFileReference; fileEncoding = 4; lastKnownFileType = sourcecode.c.objc; name = User.m; path = Core/User.m; sourceTree = "<group>"; };
		4AA8A1C41AA39F23001602BC /* UserListController.h */ = {isa = PBXFileReference; fileEncoding = 4; lastKnownFileType = sourcecode.c.h; name = UserListController.h; path = Core/UserListController.h; sourceTree = "<group>"; };
		4AA8A1C51AA39F23001602BC /* UserListController.m */ = {isa = PBXFileReference; fileEncoding = 4; lastKnownFileType = sourcecode.c.objc; name = UserListController.m; path = Core/UserListController.m; sourceTree = "<group>"; };
		4AA8A1C61AA39F23001602BC /* UserListView.h */ = {isa = PBXFileReference; fileEncoding = 4; lastKnownFileType = sourcecode.c.h; name = UserListView.h; path = Core/UserListView.h; sourceTree = "<group>"; };
		4AA8A1C71AA39F23001602BC /* UserListView.m */ = {isa = PBXFileReference; fileEncoding = 4; lastKnownFileType = sourcecode.c.objc; name = UserListView.m; path = Core/UserListView.m; sourceTree = "<group>"; };
		4AA8A1C81AA39F23001602BC /* UsernamePasswordMismatchException.h */ = {isa = PBXFileReference; fileEncoding = 4; lastKnownFileType = sourcecode.c.h; name = UsernamePasswordMismatchException.h; path = Core/UsernamePasswordMismatchException.h; sourceTree = "<group>"; };
		4AA8A1C91AA39F23001602BC /* UsernamePasswordMismatchException.m */ = {isa = PBXFileReference; fileEncoding = 4; lastKnownFileType = sourcecode.c.objc; name = UsernamePasswordMismatchException.m; path = Core/UsernamePasswordMismatchException.m; sourceTree = "<group>"; };
		4AA8A1CA1AA39F23001602BC /* Util.h */ = {isa = PBXFileReference; fileEncoding = 4; lastKnownFileType = sourcecode.c.h; name = Util.h; path = Core/Util.h; sourceTree = "<group>"; };
		4AA8A1CB1AA39F23001602BC /* Util.m */ = {isa = PBXFileReference; fileEncoding = 4; lastKnownFileType = sourcecode.c.objc; name = Util.m; path = Core/Util.m; sourceTree = "<group>"; };
		4AA8A1CC1AA39F23001602BC /* View.h */ = {isa = PBXFileReference; fileEncoding = 4; lastKnownFileType = sourcecode.c.h; name = View.h; path = Core/View.h; sourceTree = "<group>"; };
		4AA8A1CD1AA39F23001602BC /* View.m */ = {isa = PBXFileReference; fileEncoding = 4; lastKnownFileType = sourcecode.c.objc; name = View.m; path = Core/View.m; sourceTree = "<group>"; };
		4AB16ED71A3FCA3B0003270E /* AppDelegate.swift */ = {isa = PBXFileReference; fileEncoding = 4; lastKnownFileType = sourcecode.swift; path = AppDelegate.swift; sourceTree = "<group>"; };
		4AB16EDC1A3FCA3B0003270E /* Base */ = {isa = PBXFileReference; lastKnownFileType = file.storyboard; name = Base; path = Main.storyboard; sourceTree = "<group>"; };
		4AB16EDD1A3FCA3B0003270E /* Images.xcassets */ = {isa = PBXFileReference; lastKnownFileType = folder.assetcatalog; path = Images.xcassets; sourceTree = "<group>"; };
		4AB16EDE1A3FCA3B0003270E /* Info.plist */ = {isa = PBXFileReference; fileEncoding = 4; lastKnownFileType = text.plist.xml; path = Info.plist; sourceTree = "<group>"; };
		4AB16EDF1A3FCA3B0003270E /* ViewController.swift */ = {isa = PBXFileReference; fileEncoding = 4; lastKnownFileType = sourcecode.swift; path = ViewController.swift; sourceTree = "<group>"; };
		4AB16EE71A3FCA5C0003270E /* RTDCTests.swift */ = {isa = PBXFileReference; fileEncoding = 4; lastKnownFileType = sourcecode.swift; path = RTDCTests.swift; sourceTree = "<group>"; };
		4AB16EE91A3FCA940003270E /* Info.plist */ = {isa = PBXFileReference; fileEncoding = 4; lastKnownFileType = text.plist.xml; path = Info.plist; sourceTree = "<group>"; };
		4AB16EEB1A3FCB4F0003270E /* RTDC-Bridging-Header.h */ = {isa = PBXFileReference; fileEncoding = 4; lastKnownFileType = sourcecode.c.h; path = "RTDC-Bridging-Header.h"; sourceTree = "<group>"; };
		4AB16EED1A3FCC520003270E /* LaunchScreen.xib */ = {isa = PBXFileReference; fileEncoding = 4; lastKnownFileType = file.xib; path = LaunchScreen.xib; sourceTree = "<group>"; };
		4AB16EF01A3FD24C0003270E /* RTDCTests-Bridging-Header.h */ = {isa = PBXFileReference; fileEncoding = 4; lastKnownFileType = sourcecode.c.h; path = "RTDCTests-Bridging-Header.h"; sourceTree = "<group>"; };
/* End PBXFileReference section */

/* Begin PBXFrameworksBuildPhase section */
		1F6231351A34D252009E4BB3 /* Frameworks */ = {
			isa = PBXFrameworksBuildPhase;
			buildActionMask = 2147483647;
			files = (
				1F62316B1A37E67E009E4BB3 /* libicucore.dylib in Frameworks */,
				1F6231681A37E664009E4BB3 /* Security.framework in Frameworks */,
				1F6231661A37E65C009E4BB3 /* libz.dylib in Frameworks */,
			);
			runOnlyForDeploymentPostprocessing = 0;
		};
		1F6231511A34D253009E4BB3 /* Frameworks */ = {
			isa = PBXFrameworksBuildPhase;
			buildActionMask = 2147483647;
			files = (
			);
			runOnlyForDeploymentPostprocessing = 0;
		};
/* End PBXFrameworksBuildPhase section */

/* Begin PBXGroup section */
		1F62312F1A34D252009E4BB3 = {
			isa = PBXGroup;
			children = (
				4AD5C6971AA2B402000C5FFD /* Core */,
				1F62313A1A34D253009E4BB3 /* Classes */,
				1F6231571A34D253009E4BB3 /* RTDCTests */,
				1F62316C1A3883A1009E4BB3 /* Settings.xcconfig */,
				1F6231691A37E66C009E4BB3 /* libicucore.dylib */,
				1F6231651A37E65C009E4BB3 /* libz.dylib */,
				1F6231671A37E664009E4BB3 /* Security.framework */,
				1F6231391A34D253009E4BB3 /* Products */,
			);
			sourceTree = "<group>";
		};
		1F6231391A34D253009E4BB3 /* Products */ = {
			isa = PBXGroup;
			children = (
				1F6231381A34D253009E4BB3 /* RTDC.app */,
				1F6231541A34D253009E4BB3 /* RTDCTests.xctest */,
			);
			name = Products;
			sourceTree = "<group>";
		};
		1F62313A1A34D253009E4BB3 /* Classes */ = {
			isa = PBXGroup;
			children = (
				4AB16EEB1A3FCB4F0003270E /* RTDC-Bridging-Header.h */,
				4AB16ED71A3FCA3B0003270E /* AppDelegate.swift */,
				4AB16EDF1A3FCA3B0003270E /* ViewController.swift */,
				4AB16EDB1A3FCA3B0003270E /* Main.storyboard */,
				4AB16EED1A3FCC520003270E /* LaunchScreen.xib */,
				4AB16EDD1A3FCA3B0003270E /* Images.xcassets */,
				4AB16EEC1A3FCC1D0003270E /* Supporting Files */,
			);
			path = Classes;
			sourceTree = "<group>";
		};
		1F6231571A34D253009E4BB3 /* RTDCTests */ = {
			isa = PBXGroup;
			children = (
				4AB16EF01A3FD24C0003270E /* RTDCTests-Bridging-Header.h */,
				4AB16EE71A3FCA5C0003270E /* RTDCTests.swift */,
				4AB16EEF1A3FCC850003270E /* Supporting Files */,
			);
			path = RTDCTests;
			sourceTree = "<group>";
		};
		4AB16EEC1A3FCC1D0003270E /* Supporting Files */ = {
			isa = PBXGroup;
			children = (
				4AB16EDE1A3FCA3B0003270E /* Info.plist */,
			);
			name = "Supporting Files";
			sourceTree = "<group>";
		};
		4AB16EEF1A3FCC850003270E /* Supporting Files */ = {
			isa = PBXGroup;
			children = (
				4AB16EE91A3FCA940003270E /* Info.plist */,
			);
			name = "Supporting Files";
			sourceTree = "<group>";
		};
		4AD5C6971AA2B402000C5FFD /* Core */ = {
			isa = PBXGroup;
			children = (
				4AA8A1841AA39F23001602BC /* AddUnitController.h */,
				4AA8A1851AA39F23001602BC /* AddUnitController.m */,
				4AA8A1861AA39F23001602BC /* AddUnitView.h */,
				4AA8A1871AA39F23001602BC /* AddUnitView.m */,
				4AA8A1881AA39F23001602BC /* AddUserController.h */,
				4AA8A1891AA39F23001602BC /* AddUserController.m */,
				4AA8A18A1AA39F23001602BC /* AddUserView.h */,
				4AA8A18B1AA39F23001602BC /* AddUserView.m */,
				4AA8A18C1AA39F23001602BC /* ApiException.h */,
				4AA8A18D1AA39F23001602BC /* ApiException.m */,
				4AA8A18E1AA39F23001602BC /* ApplicationPermission.h */,
				4AA8A18F1AA39F23001602BC /* ApplicationPermission.m */,
				4AA8A1901AA39F23001602BC /* AsyncCallback.h */,
				4AA8A1911AA39F23001602BC /* AsyncCallback.m */,
				4AA8A1921AA39F23001602BC /* Bootstrapper.h */,
				4AA8A1931AA39F23001602BC /* Bootstrapper.m */,
				4AA8A1941AA39F23001602BC /* BootstrapperController.h */,
				4AA8A1951AA39F23001602BC /* BootstrapperController.m */,
				4AA8A1961AA39F23001602BC /* BootstrapperView.h */,
				4AA8A1971AA39F23001602BC /* BootstrapperView.m */,
				4AA8A1981AA39F23001602BC /* Dispatcher.h */,
				4AA8A1991AA39F23001602BC /* Dispatcher.m */,
				4AA8A19A1AA39F23001602BC /* Factory.h */,
				4AA8A19B1AA39F23001602BC /* Factory.m */,
				4AA8A19C1AA39F23001602BC /* HttpRequest.h */,
				4AA8A19D1AA39F23001602BC /* HttpRequest.m */,
				4AA8A19E1AA39F23001602BC /* HttpResponse.h */,
				4AA8A19F1AA39F23001602BC /* HttpResponse.m */,
				4AA8A1A01AA39F23001602BC /* JSONArray.h */,
				4AA8A1A11AA39F23001602BC /* JSONArray.m */,
				4AA8A1A21AA39F23001602BC /* JSONException.h */,
				4AA8A1A31AA39F23001602BC /* JSONException.m */,
				4AA8A1A41AA39F23001602BC /* JSONObject.h */,
				4AA8A1A51AA39F23001602BC /* JSONObject.m */,
				4AA8A1A61AA39F23001602BC /* JSONString.h */,
				4AA8A1A71AA39F23001602BC /* JSONString.m */,
				4AA8A1A81AA39F23001602BC /* JSONStringer.h */,
				4AA8A1A91AA39F23001602BC /* JSONStringer.m */,
				4AA8A1AA1AA39F23001602BC /* JSONTokener.h */,
				4AA8A1AB1AA39F23001602BC /* JSONTokener.m */,
				4AA8A1AC1AA39F23001602BC /* JsonTransmissionWrapper.h */,
				4AA8A1AD1AA39F23001602BC /* JsonTransmissionWrapper.m */,
				4AA8A1AE1AA39F23001602BC /* JSONWriter.h */,
				4AA8A1AF1AA39F23001602BC /* JSONWriter.m */,
				4AA8A1B01AA39F23001602BC /* LoginController.h */,
				4AA8A1B11AA39F23001602BC /* LoginController.m */,
				4AA8A1B21AA39F23001602BC /* LoginView.h */,
				4AA8A1B31AA39F23001602BC /* LoginView.m */,
				4AA8A1B41AA39F23001602BC /* RtdcObject.h */,
				4AA8A1B51AA39F23001602BC /* RtdcObject.m */,
				4AA8A1B61AA39F23001602BC /* Service.h */,
				4AA8A1B71AA39F23001602BC /* Service.m */,
				4AA8A1B81AA39F23001602BC /* SessionExpiredException.h */,
				4AA8A1B91AA39F23001602BC /* SessionExpiredException.m */,
				4AA8A1BA1AA39F23001602BC /* StringWriter.h */,
				4AA8A1BB1AA39F23001602BC /* StringWriter.m */,
				4AA8A1BC1AA39F23001602BC /* Unit.h */,
				4AA8A1BD1AA39F23001602BC /* Unit.m */,
				4AA8A1BE1AA39F23001602BC /* UnitListController.h */,
				4AA8A1BF1AA39F23001602BC /* UnitListController.m */,
				4AA8A1C01AA39F23001602BC /* UnitListView.h */,
				4AA8A1C11AA39F23001602BC /* UnitListView.m */,
				4AA8A1C21AA39F23001602BC /* User.h */,
				4AA8A1C31AA39F23001602BC /* User.m */,
				4AA8A1C41AA39F23001602BC /* UserListController.h */,
				4AA8A1C51AA39F23001602BC /* UserListController.m */,
				4AA8A1C61AA39F23001602BC /* UserListView.h */,
				4AA8A1C71AA39F23001602BC /* UserListView.m */,
				4AA8A1C81AA39F23001602BC /* UsernamePasswordMismatchException.h */,
				4AA8A1C91AA39F23001602BC /* UsernamePasswordMismatchException.m */,
				4AA8A1CA1AA39F23001602BC /* Util.h */,
				4AA8A1CB1AA39F23001602BC /* Util.m */,
				4AA8A1CC1AA39F23001602BC /* View.h */,
				4AA8A1CD1AA39F23001602BC /* View.m */,
			);
			name = Core;
			sourceTree = "<group>";
		};
/* End PBXGroup section */

/* Begin PBXNativeTarget section */
		1F6231371A34D252009E4BB3 /* RTDC */ = {
			isa = PBXNativeTarget;
			buildConfigurationList = 1F62315E1A34D253009E4BB3 /* Build configuration list for PBXNativeTarget "RTDC" */;
			buildPhases = (
				1F6231341A34D252009E4BB3 /* Sources */,
				1F6231351A34D252009E4BB3 /* Frameworks */,
				1F6231361A34D252009E4BB3 /* Resources */,
			);
			buildRules = (
			);
			dependencies = (
			);
			name = RTDC;
			productName = RTDC;
			productReference = 1F6231381A34D253009E4BB3 /* RTDC.app */;
			productType = "com.apple.product-type.application";
		};
		1F6231531A34D253009E4BB3 /* RTDCTests */ = {
			isa = PBXNativeTarget;
			buildConfigurationList = 1F6231611A34D253009E4BB3 /* Build configuration list for PBXNativeTarget "RTDCTests" */;
			buildPhases = (
				1F6231501A34D253009E4BB3 /* Sources */,
				1F6231511A34D253009E4BB3 /* Frameworks */,
				1F6231521A34D253009E4BB3 /* Resources */,
			);
			buildRules = (
			);
			dependencies = (
				1F6231561A34D253009E4BB3 /* PBXTargetDependency */,
			);
			name = RTDCTests;
			productName = RTDCTests;
			productReference = 1F6231541A34D253009E4BB3 /* RTDCTests.xctest */;
			productType = "com.apple.product-type.bundle.unit-test";
		};
/* End PBXNativeTarget section */

/* Begin PBXProject section */
		1F6231301A34D252009E4BB3 /* Project object */ = {
			isa = PBXProject;
			attributes = {
				LastUpgradeCheck = 0610;
				ORGANIZATIONNAME = "Clermont, Ermel, Fortin-Boulay, Legault & Ménard";
				TargetAttributes = {
					1F6231371A34D252009E4BB3 = {
						CreatedOnToolsVersion = 6.1;
					};
					1F6231531A34D253009E4BB3 = {
						CreatedOnToolsVersion = 6.1;
						TestTargetID = 1F6231371A34D252009E4BB3;
					};
				};
			};
			buildConfigurationList = 1F6231331A34D252009E4BB3 /* Build configuration list for PBXProject "RTDC" */;
			compatibilityVersion = "Xcode 3.2";
			developmentRegion = English;
			hasScannedForEncodings = 0;
			knownRegions = (
				en,
				Base,
			);
			mainGroup = 1F62312F1A34D252009E4BB3;
			productRefGroup = 1F6231391A34D253009E4BB3 /* Products */;
			projectDirPath = "";
			projectRoot = "";
			targets = (
				1F6231371A34D252009E4BB3 /* RTDC */,
				1F6231531A34D253009E4BB3 /* RTDCTests */,
			);
		};
/* End PBXProject section */

/* Begin PBXResourcesBuildPhase section */
		1F6231361A34D252009E4BB3 /* Resources */ = {
			isa = PBXResourcesBuildPhase;
			buildActionMask = 2147483647;
			files = (
				4AB16EEE1A3FCC520003270E /* LaunchScreen.xib in Resources */,
				4AB16EE21A3FCA3B0003270E /* Main.storyboard in Resources */,
				4AB16EE31A3FCA3B0003270E /* Images.xcassets in Resources */,
				4AB16EE41A3FCA3B0003270E /* Info.plist in Resources */,
			);
			runOnlyForDeploymentPostprocessing = 0;
		};
		1F6231521A34D253009E4BB3 /* Resources */ = {
			isa = PBXResourcesBuildPhase;
			buildActionMask = 2147483647;
			files = (
				4AB16EEA1A3FCA940003270E /* Info.plist in Resources */,
			);
			runOnlyForDeploymentPostprocessing = 0;
		};
/* End PBXResourcesBuildPhase section */

/* Begin PBXSourcesBuildPhase section */
		1F6231341A34D252009E4BB3 /* Sources */ = {
			isa = PBXSourcesBuildPhase;
			buildActionMask = 2147483647;
			files = (
				4AA8A1F01AA39F23001602BC /* UsernamePasswordMismatchException.m in Sources */,
				4AA8A1CF1AA39F23001602BC /* AddUnitView.m in Sources */,
				4AA8A1E61AA39F23001602BC /* RtdcObject.m in Sources */,
				4AA8A1EE1AA39F23001602BC /* UserListController.m in Sources */,
				4AA8A1EF1AA39F23001602BC /* UserListView.m in Sources */,
				4AA8A1EC1AA39F23001602BC /* UnitListView.m in Sources */,
				4AA8A1D71AA39F23001602BC /* BootstrapperView.m in Sources */,
				4AA8A1ED1AA39F23001602BC /* User.m in Sources */,
				4AA8A1DE1AA39F23001602BC /* JSONObject.m in Sources */,
				4AA8A1D41AA39F23001602BC /* AsyncCallback.m in Sources */,
				4AA8A1E71AA39F23001602BC /* Service.m in Sources */,
				4AB16EE01A3FCA3B0003270E /* AppDelegate.swift in Sources */,
				4AA8A1E41AA39F23001602BC /* LoginController.m in Sources */,
				4AB16EE51A3FCA3B0003270E /* ViewController.swift in Sources */,
				4AA8A1E31AA39F23001602BC /* JSONWriter.m in Sources */,
				4AA8A1E11AA39F23001602BC /* JSONTokener.m in Sources */,
				4AA8A1D81AA39F23001602BC /* Dispatcher.m in Sources */,
				4AA8A1F11AA39F23001602BC /* Util.m in Sources */,
				4AA8A1DC1AA39F23001602BC /* JSONArray.m in Sources */,
				4AA8A1DF1AA39F23001602BC /* JSONString.m in Sources */,
				4AA8A1E21AA39F23001602BC /* JsonTransmissionWrapper.m in Sources */,
				4AA8A1EB1AA39F23001602BC /* UnitListController.m in Sources */,
				4AA8A1E91AA39F23001602BC /* StringWriter.m in Sources */,
				4AA8A1E01AA39F23001602BC /* JSONStringer.m in Sources */,
				4AA8A1EA1AA39F23001602BC /* Unit.m in Sources */,
				4AA8A1D91AA39F23001602BC /* Factory.m in Sources */,
				4AA8A1F21AA39F23001602BC /* View.m in Sources */,
				4AA8A1D51AA39F23001602BC /* Bootstrapper.m in Sources */,
				4AA8A1DD1AA39F23001602BC /* JSONException.m in Sources */,
				4AA8A1DB1AA39F23001602BC /* HttpResponse.m in Sources */,
				4AA8A1D61AA39F23001602BC /* BootstrapperController.m in Sources */,
				4AA8A1D11AA39F23001602BC /* AddUserView.m in Sources */,
				4AA8A1E81AA39F23001602BC /* SessionExpiredException.m in Sources */,
				4AA8A1D01AA39F23001602BC /* AddUserController.m in Sources */,
				4AA8A1CE1AA39F23001602BC /* AddUnitController.m in Sources */,
				4AA8A1D21AA39F23001602BC /* ApiException.m in Sources */,
				4AA8A1DA1AA39F23001602BC /* HttpRequest.m in Sources */,
				4AA8A1E51AA39F23001602BC /* LoginView.m in Sources */,
				4AA8A1D31AA39F23001602BC /* ApplicationPermission.m in Sources */,
			);
			runOnlyForDeploymentPostprocessing = 0;
		};
		1F6231501A34D253009E4BB3 /* Sources */ = {
			isa = PBXSourcesBuildPhase;
			buildActionMask = 2147483647;
			files = (
				4AB16EE81A3FCA5C0003270E /* RTDCTests.swift in Sources */,
			);
			runOnlyForDeploymentPostprocessing = 0;
		};
/* End PBXSourcesBuildPhase section */

/* Begin PBXTargetDependency section */
		1F6231561A34D253009E4BB3 /* PBXTargetDependency */ = {
			isa = PBXTargetDependency;
			target = 1F6231371A34D252009E4BB3 /* RTDC */;
			targetProxy = 1F6231551A34D253009E4BB3 /* PBXContainerItemProxy */;
		};
/* End PBXTargetDependency section */

/* Begin PBXVariantGroup section */
		4AB16EDB1A3FCA3B0003270E /* Main.storyboard */ = {
			isa = PBXVariantGroup;
			children = (
				4AB16EDC1A3FCA3B0003270E /* Base */,
			);
			name = Main.storyboard;
			path = Base.lproj;
			sourceTree = "<group>";
		};
/* End PBXVariantGroup section */

/* Begin XCBuildConfiguration section */
		1F62315C1A34D253009E4BB3 /* Debug */ = {
			isa = XCBuildConfiguration;
			baseConfigurationReference = 1F62316C1A3883A1009E4BB3 /* Settings.xcconfig */;
			buildSettings = {
				ALWAYS_SEARCH_USER_PATHS = NO;
				CLANG_CXX_LANGUAGE_STANDARD = "gnu++0x";
				CLANG_CXX_LIBRARY = "libc++";
				CLANG_ENABLE_MODULES = YES;
				CLANG_ENABLE_OBJC_ARC = NO;
				CLANG_WARN_BOOL_CONVERSION = YES;
				CLANG_WARN_CONSTANT_CONVERSION = YES;
				CLANG_WARN_DIRECT_OBJC_ISA_USAGE = YES_ERROR;
				CLANG_WARN_EMPTY_BODY = YES;
				CLANG_WARN_ENUM_CONVERSION = YES;
				CLANG_WARN_INT_CONVERSION = YES;
				CLANG_WARN_OBJC_ROOT_CLASS = YES_ERROR;
				CLANG_WARN_UNREACHABLE_CODE = YES;
				CLANG_WARN__DUPLICATE_METHOD_MATCH = YES;
				"CODE_SIGN_IDENTITY[sdk=iphoneos*]" = "iPhone Developer";
				COPY_PHASE_STRIP = NO;
				ENABLE_STRICT_OBJC_MSGSEND = YES;
				GCC_C_LANGUAGE_STANDARD = gnu99;
				GCC_DYNAMIC_NO_PIC = NO;
				GCC_OPTIMIZATION_LEVEL = 0;
				GCC_PREPROCESSOR_DEFINITIONS = (
					"DEBUG=1",
					"$(inherited)",
				);
				GCC_SYMBOLS_PRIVATE_EXTERN = NO;
				GCC_WARN_64_TO_32_BIT_CONVERSION = YES;
				GCC_WARN_ABOUT_RETURN_TYPE = YES_ERROR;
				GCC_WARN_UNDECLARED_SELECTOR = YES;
				GCC_WARN_UNINITIALIZED_AUTOS = YES_AGGRESSIVE;
				GCC_WARN_UNUSED_FUNCTION = YES;
				GCC_WARN_UNUSED_VARIABLE = YES;
				IPHONEOS_DEPLOYMENT_TARGET = 7.0;
				MTL_ENABLE_DEBUG_INFO = YES;
				ONLY_ACTIVE_ARCH = YES;
				SDKROOT = iphoneos;
				TARGETED_DEVICE_FAMILY = "1,2";
			};
			name = Debug;
		};
		1F62315D1A34D253009E4BB3 /* Release */ = {
			isa = XCBuildConfiguration;
			baseConfigurationReference = 1F62316C1A3883A1009E4BB3 /* Settings.xcconfig */;
			buildSettings = {
				ALWAYS_SEARCH_USER_PATHS = NO;
				CLANG_CXX_LANGUAGE_STANDARD = "gnu++0x";
				CLANG_CXX_LIBRARY = "libc++";
				CLANG_ENABLE_MODULES = YES;
				CLANG_ENABLE_OBJC_ARC = NO;
				CLANG_WARN_BOOL_CONVERSION = YES;
				CLANG_WARN_CONSTANT_CONVERSION = YES;
				CLANG_WARN_DIRECT_OBJC_ISA_USAGE = YES_ERROR;
				CLANG_WARN_EMPTY_BODY = YES;
				CLANG_WARN_ENUM_CONVERSION = YES;
				CLANG_WARN_INT_CONVERSION = YES;
				CLANG_WARN_OBJC_ROOT_CLASS = YES_ERROR;
				CLANG_WARN_UNREACHABLE_CODE = YES;
				CLANG_WARN__DUPLICATE_METHOD_MATCH = YES;
				"CODE_SIGN_IDENTITY[sdk=iphoneos*]" = "iPhone Developer";
				COPY_PHASE_STRIP = YES;
				ENABLE_NS_ASSERTIONS = NO;
				ENABLE_STRICT_OBJC_MSGSEND = YES;
				GCC_C_LANGUAGE_STANDARD = gnu99;
				GCC_WARN_64_TO_32_BIT_CONVERSION = YES;
				GCC_WARN_ABOUT_RETURN_TYPE = YES_ERROR;
				GCC_WARN_UNDECLARED_SELECTOR = YES;
				GCC_WARN_UNINITIALIZED_AUTOS = YES_AGGRESSIVE;
				GCC_WARN_UNUSED_FUNCTION = YES;
				GCC_WARN_UNUSED_VARIABLE = YES;
				IPHONEOS_DEPLOYMENT_TARGET = 7.0;
				MTL_ENABLE_DEBUG_INFO = NO;
				SDKROOT = iphoneos;
				TARGETED_DEVICE_FAMILY = "1,2";
				VALIDATE_PRODUCT = YES;
			};
			name = Release;
		};
		1F62315F1A34D253009E4BB3 /* Debug */ = {
			isa = XCBuildConfiguration;
			buildSettings = {
				ASSETCATALOG_COMPILER_APPICON_NAME = AppIcon;
				GCC_PRECOMPILE_PREFIX_HEADER = YES;
				HEADER_SEARCH_PATHS = (
					"$(inherited)",
					/Applications/Xcode.app/Contents/Developer/Toolchains/XcodeDefault.xctoolchain/usr/include,
					"\"${J2OBJC_HOME}/include\"",
					"${DERIVED_FILES_DIR}",
					"$(SRCROOT)/Core/**",
				);
				INFOPLIST_FILE = "$(SRCROOT)/Classes/Info.plist";
				LD_RUNPATH_SEARCH_PATHS = "$(inherited) @executable_path/Frameworks";
				LIBRARY_SEARCH_PATHS = (
					"$(inherited)",
					"\"${J2OBJC_HOME}/lib\"",
				);
				OTHER_LDFLAGS = (
					"$(inherited)",
					"-l\"z\"",
					"-l\"jre_emul\"",
					"-l\"icucore\"",
				);
				PRODUCT_NAME = "$(TARGET_NAME)";
				SWIFT_OBJC_BRIDGING_HEADER = "Classes/RTDC-Bridging-Header.h";
			};
			name = Debug;
		};
		1F6231601A34D253009E4BB3 /* Release */ = {
			isa = XCBuildConfiguration;
			buildSettings = {
				ASSETCATALOG_COMPILER_APPICON_NAME = AppIcon;
				GCC_PRECOMPILE_PREFIX_HEADER = YES;
				HEADER_SEARCH_PATHS = (
					"$(inherited)",
					/Applications/Xcode.app/Contents/Developer/Toolchains/XcodeDefault.xctoolchain/usr/include,
					"\"${J2OBJC_HOME}/include\"",
					"${DERIVED_FILES_DIR}",
					"$(SRCROOT)/Core/**",
				);
				INFOPLIST_FILE = "$(SRCROOT)/Classes/Info.plist";
				LD_RUNPATH_SEARCH_PATHS = "$(inherited) @executable_path/Frameworks";
				LIBRARY_SEARCH_PATHS = (
					"$(inherited)",
					"\"${J2OBJC_HOME}/lib\"",
				);
				OTHER_LDFLAGS = (
					"$(inherited)",
					"-l\"z\"",
					"-l\"jre_emul\"",
					"-l\"icucore\"",
				);
				PRODUCT_NAME = "$(TARGET_NAME)";
				SWIFT_OBJC_BRIDGING_HEADER = "Classes/RTDC-Bridging-Header.h";
			};
			name = Release;
		};
		1F6231621A34D253009E4BB3 /* Debug */ = {
			isa = XCBuildConfiguration;
			buildSettings = {
				BUNDLE_LOADER = "$(TEST_HOST)";
				CLANG_ENABLE_MODULES = YES;
				FRAMEWORK_SEARCH_PATHS = (
					"$(SDKROOT)/Developer/Library/Frameworks",
					"$(inherited)",
				);
				GCC_PREPROCESSOR_DEFINITIONS = (
					"DEBUG=1",
					"$(inherited)",
				);
				INFOPLIST_FILE = RTDCTests/Info.plist;
				LD_RUNPATH_SEARCH_PATHS = "$(inherited) @executable_path/Frameworks @loader_path/Frameworks";
				PRODUCT_NAME = "$(TARGET_NAME)";
				SWIFT_OBJC_BRIDGING_HEADER = "RTDCTests/RTDCTests-Bridging-Header.h";
				SWIFT_OPTIMIZATION_LEVEL = "-Onone";
				TEST_HOST = "$(BUILT_PRODUCTS_DIR)/RTDC.app/RTDC";
			};
			name = Debug;
		};
		1F6231631A34D253009E4BB3 /* Release */ = {
			isa = XCBuildConfiguration;
			buildSettings = {
				BUNDLE_LOADER = "$(TEST_HOST)";
				CLANG_ENABLE_MODULES = YES;
				FRAMEWORK_SEARCH_PATHS = (
					"$(SDKROOT)/Developer/Library/Frameworks",
					"$(inherited)",
				);
				INFOPLIST_FILE = RTDCTests/Info.plist;
				LD_RUNPATH_SEARCH_PATHS = "$(inherited) @executable_path/Frameworks @loader_path/Frameworks";
				PRODUCT_NAME = "$(TARGET_NAME)";
				SWIFT_OBJC_BRIDGING_HEADER = "RTDCTests/RTDCTests-Bridging-Header.h";
				TEST_HOST = "$(BUILT_PRODUCTS_DIR)/RTDC.app/RTDC";
			};
			name = Release;
		};
/* End XCBuildConfiguration section */

/* Begin XCConfigurationList section */
		1F6231331A34D252009E4BB3 /* Build configuration list for PBXProject "RTDC" */ = {
			isa = XCConfigurationList;
			buildConfigurations = (
				1F62315C1A34D253009E4BB3 /* Debug */,
				1F62315D1A34D253009E4BB3 /* Release */,
			);
			defaultConfigurationIsVisible = 0;
			defaultConfigurationName = Release;
		};
		1F62315E1A34D253009E4BB3 /* Build configuration list for PBXNativeTarget "RTDC" */ = {
			isa = XCConfigurationList;
			buildConfigurations = (
				1F62315F1A34D253009E4BB3 /* Debug */,
				1F6231601A34D253009E4BB3 /* Release */,
			);
			defaultConfigurationIsVisible = 0;
			defaultConfigurationName = Release;
		};
		1F6231611A34D253009E4BB3 /* Build configuration list for PBXNativeTarget "RTDCTests" */ = {
			isa = XCConfigurationList;
			buildConfigurations = (
				1F6231621A34D253009E4BB3 /* Debug */,
				1F6231631A34D253009E4BB3 /* Release */,
			);
			defaultConfigurationIsVisible = 0;
			defaultConfigurationName = Release;
		};
/* End XCConfigurationList section */
	};
	rootObject = 1F6231301A34D252009E4BB3 /* Project object */;
}
